
Microsoft Visual Studio Solution File, Format Version 12.00
# Visual Studio Version 17
VisualStudioVersion = 17.4.33213.308
MinimumVisualStudioVersion = 10.0.40219.1
Project("{9A19103F-16F7-4668-BE54-9A1E7A4F7556}") = "Autosu", "Autosu\Autosu.csproj", "{1B4AA078-C588-421A-8A32-01C0D1656054}"
EndProject
Global
	GlobalSection(SolutionConfigurationPlatforms) = preSolution
		Debug|Any CPU = Debug|Any CPU
		Debug|x64 = Debug|x64
		Release|Any CPU = Release|Any CPU
		Release|x64 = Release|x64
	EndGlobalSection
	GlobalSection(ProjectConfigurationPlatforms) = postSolution
		{1B4AA078-C588-421A-8A32-01C0D1656054}.Debug|Any CPU.ActiveCfg = Debug|Any CPU
		{1B4AA078-C588-421A-8A32-01C0D1656054}.Debug|Any CPU.Build.0 = Debug|Any CPU
		{1B4AA078-C588-421A-8A32-01C0D1656054}.Debug|x64.ActiveCfg = Debug|x64
		{1B4AA078-C588-421A-8A32-01C0D1656054}.Debug|x64.Build.0 = Debug|x64
		{1B4AA078-C588-421A-8A32-01C0D1656054}.Release|Any CPU.ActiveCfg = Release|Any CPU
		{1B4AA078-C588-421A-8A32-01C0D1656054}.Release|Any CPU.Build.0 = Release|Any CPU
		{1B4AA078-C588-421A-8A32-01C0D1656054}.Release|x64.ActiveCfg = Release|x64
		{1B4AA078-C588-421A-8A32-01C0D1656054}.Release|x64.Build.0 = Release|x64
	EndGlobalSection
	GlobalSection(SolutionProperties) = preSolution
		HideSolutionNode = FALSE
	EndGlobalSection
	GlobalSection(ExtensibilityGlobals) = postSolution
		SolutionGuid = {D777BB59-EFEE-4360-8FC5-57456CC95E61}
	EndGlobalSection
EndGlobal
